// !$*UTF8*$!
{
	archiveVersion = 1;
	classes = {
	};
	objectVersion = 56;
	objects = {

/* Begin PBXBuildFile section */
		4416DE7E29F8164500C2DCAD /* GoogleService-Info.plist in Resources */ = {isa = PBXBuildFile; fileRef = 4416DE7D29F8164500C2DCAD /* GoogleService-Info.plist */; };
		4416DE8129F8170600C2DCAD /* FirebaseAuth in Frameworks */ = {isa = PBXBuildFile; productRef = 4416DE8029F8170600C2DCAD /* FirebaseAuth */; };
		4416DE8329F8170600C2DCAD /* FirebaseAuthCombine-Community in Frameworks */ = {isa = PBXBuildFile; productRef = 4416DE8229F8170600C2DCAD /* FirebaseAuthCombine-Community */; };
		4416DE8529F8170600C2DCAD /* FirebaseDatabase in Frameworks */ = {isa = PBXBuildFile; productRef = 4416DE8429F8170600C2DCAD /* FirebaseDatabase */; };
		4416DE8729F8170600C2DCAD /* FirebaseDatabaseSwift in Frameworks */ = {isa = PBXBuildFile; productRef = 4416DE8629F8170600C2DCAD /* FirebaseDatabaseSwift */; };
		4416DE8929F8170600C2DCAD /* FirebaseFirestore in Frameworks */ = {isa = PBXBuildFile; productRef = 4416DE8829F8170600C2DCAD /* FirebaseFirestore */; };
		4416DE8B29F8170600C2DCAD /* FirebaseFirestoreCombine-Community in Frameworks */ = {isa = PBXBuildFile; productRef = 4416DE8A29F8170600C2DCAD /* FirebaseFirestoreCombine-Community */; };
		4416DE8D29F8170600C2DCAD /* FirebaseFirestoreSwift in Frameworks */ = {isa = PBXBuildFile; productRef = 4416DE8C29F8170600C2DCAD /* FirebaseFirestoreSwift */; };
		4416DE8F29F8170600C2DCAD /* FirebaseStorage in Frameworks */ = {isa = PBXBuildFile; productRef = 4416DE8E29F8170600C2DCAD /* FirebaseStorage */; };
		4416DE9129F8170600C2DCAD /* FirebaseStorageCombine-Community in Frameworks */ = {isa = PBXBuildFile; productRef = 4416DE9029F8170600C2DCAD /* FirebaseStorageCombine-Community */; };
		4416DE9429F818EF00C2DCAD /* OnboardingVC.swift in Sources */ = {isa = PBXBuildFile; fileRef = 4416DE9329F818EF00C2DCAD /* OnboardingVC.swift */; };
		4416DE9629F8203300C2DCAD /* RegisterVC.swift in Sources */ = {isa = PBXBuildFile; fileRef = 4416DE9529F8203300C2DCAD /* RegisterVC.swift */; };
		4416DEA129F82C0500C2DCAD /* AuthViewViewModel.swift in Sources */ = {isa = PBXBuildFile; fileRef = 4416DEA029F82C0500C2DCAD /* AuthViewViewModel.swift */; };
		4416DEA429F838B600C2DCAD /* AuthManager.swift in Sources */ = {isa = PBXBuildFile; fileRef = 4416DEA329F838B600C2DCAD /* AuthManager.swift */; };
		4475E4152A0D73EE0080029F /* LoginVC.swift in Sources */ = {isa = PBXBuildFile; fileRef = 4475E4142A0D73EE0080029F /* LoginVC.swift */; };
		4475E4182A101C550080029F /* TwitterUser.swift in Sources */ = {isa = PBXBuildFile; fileRef = 4475E4172A101C550080029F /* TwitterUser.swift */; };
		4475E41A2A101D7C0080029F /* DatabaseManager.swift in Sources */ = {isa = PBXBuildFile; fileRef = 4475E4192A101D7C0080029F /* DatabaseManager.swift */; };
		44C068DD299E5D9E0046C983 /* AppDelegate.swift in Sources */ = {isa = PBXBuildFile; fileRef = 44C068DC299E5D9E0046C983 /* AppDelegate.swift */; };
		44C068DF299E5D9E0046C983 /* SceneDelegate.swift in Sources */ = {isa = PBXBuildFile; fileRef = 44C068DE299E5D9E0046C983 /* SceneDelegate.swift */; };
		44C068E6299E5D9F0046C983 /* Assets.xcassets in Resources */ = {isa = PBXBuildFile; fileRef = 44C068E5299E5D9F0046C983 /* Assets.xcassets */; };
		44C068E9299E5D9F0046C983 /* LaunchScreen.storyboard in Resources */ = {isa = PBXBuildFile; fileRef = 44C068E7299E5D9F0046C983 /* LaunchScreen.storyboard */; };
		44C068F1299E5E910046C983 /* MainTabBarC.swift in Sources */ = {isa = PBXBuildFile; fileRef = 44C068F0299E5E910046C983 /* MainTabBarC.swift */; };
		44C068F5299E5F6B0046C983 /* HomeVC.swift in Sources */ = {isa = PBXBuildFile; fileRef = 44C068F4299E5F6B0046C983 /* HomeVC.swift */; };
		44C068F7299E5F940046C983 /* SearchVC.swift in Sources */ = {isa = PBXBuildFile; fileRef = 44C068F6299E5F940046C983 /* SearchVC.swift */; };
		44C068F9299E5FAC0046C983 /* NotificationsVC.swift in Sources */ = {isa = PBXBuildFile; fileRef = 44C068F8299E5FAC0046C983 /* NotificationsVC.swift */; };
		44C068FB299E5FC50046C983 /* MessagesVC.swift in Sources */ = {isa = PBXBuildFile; fileRef = 44C068FA299E5FC50046C983 /* MessagesVC.swift */; };
		44C068FE299E64F20046C983 /* TweetCell.swift in Sources */ = {isa = PBXBuildFile; fileRef = 44C068FD299E64F20046C983 /* TweetCell.swift */; };
		44C06901299E7F710046C983 /* ProfileVC.swift in Sources */ = {isa = PBXBuildFile; fileRef = 44C06900299E7F710046C983 /* ProfileVC.swift */; };
		44C06903299EA31D0046C983 /* ProfileHeader.swift in Sources */ = {isa = PBXBuildFile; fileRef = 44C06902299EA31D0046C983 /* ProfileHeader.swift */; };
/* End PBXBuildFile section */

/* Begin PBXFileReference section */
		4416DE7D29F8164500C2DCAD /* GoogleService-Info.plist */ = {isa = PBXFileReference; fileEncoding = 4; lastKnownFileType = text.plist.xml; path = "GoogleService-Info.plist"; sourceTree = "<group>"; };
		4416DE9329F818EF00C2DCAD /* OnboardingVC.swift */ = {isa = PBXFileReference; lastKnownFileType = sourcecode.swift; path = OnboardingVC.swift; sourceTree = "<group>"; };
		4416DE9529F8203300C2DCAD /* RegisterVC.swift */ = {isa = PBXFileReference; lastKnownFileType = sourcecode.swift; path = RegisterVC.swift; sourceTree = "<group>"; };
		4416DEA029F82C0500C2DCAD /* AuthViewViewModel.swift */ = {isa = PBXFileReference; lastKnownFileType = sourcecode.swift; path = AuthViewViewModel.swift; sourceTree = "<group>"; };
		4416DEA329F838B600C2DCAD /* AuthManager.swift */ = {isa = PBXFileReference; lastKnownFileType = sourcecode.swift; path = AuthManager.swift; sourceTree = "<group>"; };
		4475E4142A0D73EE0080029F /* LoginVC.swift */ = {isa = PBXFileReference; lastKnownFileType = sourcecode.swift; path = LoginVC.swift; sourceTree = "<group>"; };
		4475E4172A101C550080029F /* TwitterUser.swift */ = {isa = PBXFileReference; lastKnownFileType = sourcecode.swift; path = TwitterUser.swift; sourceTree = "<group>"; };
		4475E4192A101D7C0080029F /* DatabaseManager.swift */ = {isa = PBXFileReference; lastKnownFileType = sourcecode.swift; path = DatabaseManager.swift; sourceTree = "<group>"; };
		44C068D9299E5D9E0046C983 /* Twitter Clone.app */ = {isa = PBXFileReference; explicitFileType = wrapper.application; includeInIndex = 0; path = "Twitter Clone.app"; sourceTree = BUILT_PRODUCTS_DIR; };
		44C068DC299E5D9E0046C983 /* AppDelegate.swift */ = {isa = PBXFileReference; lastKnownFileType = sourcecode.swift; path = AppDelegate.swift; sourceTree = "<group>"; };
		44C068DE299E5D9E0046C983 /* SceneDelegate.swift */ = {isa = PBXFileReference; lastKnownFileType = sourcecode.swift; path = SceneDelegate.swift; sourceTree = "<group>"; };
		44C068E5299E5D9F0046C983 /* Assets.xcassets */ = {isa = PBXFileReference; lastKnownFileType = folder.assetcatalog; path = Assets.xcassets; sourceTree = "<group>"; };
		44C068E8299E5D9F0046C983 /* Base */ = {isa = PBXFileReference; lastKnownFileType = file.storyboard; name = Base; path = Base.lproj/LaunchScreen.storyboard; sourceTree = "<group>"; };
		44C068EA299E5D9F0046C983 /* Info.plist */ = {isa = PBXFileReference; lastKnownFileType = text.plist.xml; path = Info.plist; sourceTree = "<group>"; };
		44C068F0299E5E910046C983 /* MainTabBarC.swift */ = {isa = PBXFileReference; lastKnownFileType = sourcecode.swift; path = MainTabBarC.swift; sourceTree = "<group>"; };
		44C068F4299E5F6B0046C983 /* HomeVC.swift */ = {isa = PBXFileReference; lastKnownFileType = sourcecode.swift; path = HomeVC.swift; sourceTree = "<group>"; };
		44C068F6299E5F940046C983 /* SearchVC.swift */ = {isa = PBXFileReference; lastKnownFileType = sourcecode.swift; path = SearchVC.swift; sourceTree = "<group>"; };
		44C068F8299E5FAC0046C983 /* NotificationsVC.swift */ = {isa = PBXFileReference; lastKnownFileType = sourcecode.swift; path = NotificationsVC.swift; sourceTree = "<group>"; };
		44C068FA299E5FC50046C983 /* MessagesVC.swift */ = {isa = PBXFileReference; lastKnownFileType = sourcecode.swift; path = MessagesVC.swift; sourceTree = "<group>"; };
		44C068FD299E64F20046C983 /* TweetCell.swift */ = {isa = PBXFileReference; lastKnownFileType = sourcecode.swift; path = TweetCell.swift; sourceTree = "<group>"; };
		44C06900299E7F710046C983 /* ProfileVC.swift */ = {isa = PBXFileReference; lastKnownFileType = sourcecode.swift; path = ProfileVC.swift; sourceTree = "<group>"; };
		44C06902299EA31D0046C983 /* ProfileHeader.swift */ = {isa = PBXFileReference; lastKnownFileType = sourcecode.swift; path = ProfileHeader.swift; sourceTree = "<group>"; };
/* End PBXFileReference section */

/* Begin PBXFrameworksBuildPhase section */
		44C068D6299E5D9E0046C983 /* Frameworks */ = {
			isa = PBXFrameworksBuildPhase;
			buildActionMask = 2147483647;
			files = (
				4416DE8729F8170600C2DCAD /* FirebaseDatabaseSwift in Frameworks */,
				4416DE8529F8170600C2DCAD /* FirebaseDatabase in Frameworks */,
				4416DE8129F8170600C2DCAD /* FirebaseAuth in Frameworks */,
				4416DE8D29F8170600C2DCAD /* FirebaseFirestoreSwift in Frameworks */,
				4416DE8B29F8170600C2DCAD /* FirebaseFirestoreCombine-Community in Frameworks */,
				4416DE8F29F8170600C2DCAD /* FirebaseStorage in Frameworks */,
				4416DE8929F8170600C2DCAD /* FirebaseFirestore in Frameworks */,
				4416DE9129F8170600C2DCAD /* FirebaseStorageCombine-Community in Frameworks */,
				4416DE8329F8170600C2DCAD /* FirebaseAuthCombine-Community in Frameworks */,
			);
			runOnlyForDeploymentPostprocessing = 0;
		};
/* End PBXFrameworksBuildPhase section */

/* Begin PBXGroup section */
		4416DE9229F818C600C2DCAD /* Onboarding */ = {
			isa = PBXGroup;
			children = (
				4416DE9329F818EF00C2DCAD /* OnboardingVC.swift */,
				4416DE9529F8203300C2DCAD /* RegisterVC.swift */,
				4475E4142A0D73EE0080029F /* LoginVC.swift */,
			);
			path = Onboarding;
			sourceTree = "<group>";
		};
		4416DE9729F82B7800C2DCAD /* ViewModels */ = {
			isa = PBXGroup;
			children = (
				4416DEA029F82C0500C2DCAD /* AuthViewViewModel.swift */,
			);
			path = ViewModels;
			sourceTree = "<group>";
		};
		4416DEA229F8389800C2DCAD /* Networking */ = {
			isa = PBXGroup;
			children = (
				4416DEA329F838B600C2DCAD /* AuthManager.swift */,
				4475E4192A101D7C0080029F /* DatabaseManager.swift */,
			);
			path = Networking;
			sourceTree = "<group>";
		};
		4475E4162A1015340080029F /* Models */ = {
			isa = PBXGroup;
			children = (
				4475E4172A101C550080029F /* TwitterUser.swift */,
			);
			path = Models;
			sourceTree = "<group>";
		};
		44C068D0299E5D9E0046C983 = {
			isa = PBXGroup;
			children = (
				44C068DB299E5D9E0046C983 /* Twitter Clone */,
				44C068DA299E5D9E0046C983 /* Products */,
			);
			sourceTree = "<group>";
		};
		44C068DA299E5D9E0046C983 /* Products */ = {
			isa = PBXGroup;
			children = (
				44C068D9299E5D9E0046C983 /* Twitter Clone.app */,
			);
			name = Products;
			sourceTree = "<group>";
		};
		44C068DB299E5D9E0046C983 /* Twitter Clone */ = {
			isa = PBXGroup;
			children = (
				4475E4162A1015340080029F /* Models */,
				4416DEA229F8389800C2DCAD /* Networking */,
				4416DE9729F82B7800C2DCAD /* ViewModels */,
				44C068FC299E64D30046C983 /* Views */,
				44C068F2299E5F3C0046C983 /* Controllers */,
				44C068DC299E5D9E0046C983 /* AppDelegate.swift */,
				44C068DE299E5D9E0046C983 /* SceneDelegate.swift */,
				44C068E5299E5D9F0046C983 /* Assets.xcassets */,
				44C068E7299E5D9F0046C983 /* LaunchScreen.storyboard */,
				44C068EA299E5D9F0046C983 /* Info.plist */,
				4416DE7D29F8164500C2DCAD /* GoogleService-Info.plist */,
			);
			path = "Twitter Clone";
			sourceTree = "<group>";
		};
		44C068F2299E5F3C0046C983 /* Controllers */ = {
			isa = PBXGroup;
			children = (
				4416DE9229F818C600C2DCAD /* Onboarding */,
				44C068F3299E5F450046C983 /* Core */,
				44C068FF299E7F010046C983 /* General */,
			);
			path = Controllers;
			sourceTree = "<group>";
		};
		44C068F3299E5F450046C983 /* Core */ = {
			isa = PBXGroup;
			children = (
				44C068F0299E5E910046C983 /* MainTabBarC.swift */,
				44C068F4299E5F6B0046C983 /* HomeVC.swift */,
				44C068F6299E5F940046C983 /* SearchVC.swift */,
				44C068F8299E5FAC0046C983 /* NotificationsVC.swift */,
				44C068FA299E5FC50046C983 /* MessagesVC.swift */,
			);
			path = Core;
			sourceTree = "<group>";
		};
		44C068FC299E64D30046C983 /* Views */ = {
			isa = PBXGroup;
			children = (
				44C068FD299E64F20046C983 /* TweetCell.swift */,
				44C06902299EA31D0046C983 /* ProfileHeader.swift */,
			);
			path = Views;
			sourceTree = "<group>";
		};
		44C068FF299E7F010046C983 /* General */ = {
			isa = PBXGroup;
			children = (
				44C06900299E7F710046C983 /* ProfileVC.swift */,
			);
			path = General;
			sourceTree = "<group>";
		};
/* End PBXGroup section */

/* Begin PBXNativeTarget section */
		44C068D8299E5D9E0046C983 /* Twitter Clone */ = {
			isa = PBXNativeTarget;
			buildConfigurationList = 44C068ED299E5D9F0046C983 /* Build configuration list for PBXNativeTarget "Twitter Clone" */;
			buildPhases = (
				44C068D5299E5D9E0046C983 /* Sources */,
				44C068D6299E5D9E0046C983 /* Frameworks */,
				44C068D7299E5D9E0046C983 /* Resources */,
			);
			buildRules = (
			);
			dependencies = (
			);
			name = "Twitter Clone";
			packageProductDependencies = (
				4416DE8029F8170600C2DCAD /* FirebaseAuth */,
				4416DE8229F8170600C2DCAD /* FirebaseAuthCombine-Community */,
				4416DE8429F8170600C2DCAD /* FirebaseDatabase */,
				4416DE8629F8170600C2DCAD /* FirebaseDatabaseSwift */,
				4416DE8829F8170600C2DCAD /* FirebaseFirestore */,
				4416DE8A29F8170600C2DCAD /* FirebaseFirestoreCombine-Community */,
				4416DE8C29F8170600C2DCAD /* FirebaseFirestoreSwift */,
				4416DE8E29F8170600C2DCAD /* FirebaseStorage */,
				4416DE9029F8170600C2DCAD /* FirebaseStorageCombine-Community */,
			);
			productName = "Twitter Clone";
			productReference = 44C068D9299E5D9E0046C983 /* Twitter Clone.app */;
			productType = "com.apple.product-type.application";
		};
/* End PBXNativeTarget section */

/* Begin PBXProject section */
		44C068D1299E5D9E0046C983 /* Project object */ = {
			isa = PBXProject;
			attributes = {
				BuildIndependentTargetsInParallel = 1;
				LastSwiftUpdateCheck = 1420;
				LastUpgradeCheck = 1420;
				TargetAttributes = {
					44C068D8299E5D9E0046C983 = {
						CreatedOnToolsVersion = 14.2;
					};
				};
			};
			buildConfigurationList = 44C068D4299E5D9E0046C983 /* Build configuration list for PBXProject "Twitter Clone" */;
			compatibilityVersion = "Xcode 14.0";
			developmentRegion = en;
			hasScannedForEncodings = 0;
			knownRegions = (
				en,
				Base,
			);
			mainGroup = 44C068D0299E5D9E0046C983;
			packageReferences = (
				4416DE7F29F8170600C2DCAD /* XCRemoteSwiftPackageReference "firebase-ios-sdk" */,
			);
			productRefGroup = 44C068DA299E5D9E0046C983 /* Products */;
			projectDirPath = "";
			projectRoot = "";
			targets = (
				44C068D8299E5D9E0046C983 /* Twitter Clone */,
			);
		};
/* End PBXProject section */

/* Begin PBXResourcesBuildPhase section */
		44C068D7299E5D9E0046C983 /* Resources */ = {
			isa = PBXResourcesBuildPhase;
			buildActionMask = 2147483647;
			files = (
				44C068E9299E5D9F0046C983 /* LaunchScreen.storyboard in Resources */,
				44C068E6299E5D9F0046C983 /* Assets.xcassets in Resources */,
				4416DE7E29F8164500C2DCAD /* GoogleService-Info.plist in Resources */,
			);
			runOnlyForDeploymentPostprocessing = 0;
		};
/* End PBXResourcesBuildPhase section */

/* Begin PBXSourcesBuildPhase section */
		44C068D5299E5D9E0046C983 /* Sources */ = {
			isa = PBXSourcesBuildPhase;
			buildActionMask = 2147483647;
			files = (
				44C068DD299E5D9E0046C983 /* AppDelegate.swift in Sources */,
				4416DEA429F838B600C2DCAD /* AuthManager.swift in Sources */,
				44C068F9299E5FAC0046C983 /* NotificationsVC.swift in Sources */,
				44C068F7299E5F940046C983 /* SearchVC.swift in Sources */,
				44C06901299E7F710046C983 /* ProfileVC.swift in Sources */,
				44C06903299EA31D0046C983 /* ProfileHeader.swift in Sources */,
				4475E41A2A101D7C0080029F /* DatabaseManager.swift in Sources */,
				44C068FE299E64F20046C983 /* TweetCell.swift in Sources */,
				4416DE9429F818EF00C2DCAD /* OnboardingVC.swift in Sources */,
				4416DEA129F82C0500C2DCAD /* AuthViewViewModel.swift in Sources */,
				44C068F5299E5F6B0046C983 /* HomeVC.swift in Sources */,
				44C068DF299E5D9E0046C983 /* SceneDelegate.swift in Sources */,
				4416DE9629F8203300C2DCAD /* RegisterVC.swift in Sources */,
				44C068F1299E5E910046C983 /* MainTabBarC.swift in Sources */,
				44C068FB299E5FC50046C983 /* MessagesVC.swift in Sources */,
				4475E4182A101C550080029F /* TwitterUser.swift in Sources */,
				4475E4152A0D73EE0080029F /* LoginVC.swift in Sources */,
			);
			runOnlyForDeploymentPostprocessing = 0;
		};
/* End PBXSourcesBuildPhase section */

/* Begin PBXVariantGroup section */
		44C068E7299E5D9F0046C983 /* LaunchScreen.storyboard */ = {
			isa = PBXVariantGroup;
			children = (
				44C068E8299E5D9F0046C983 /* Base */,
			);
			name = LaunchScreen.storyboard;
			sourceTree = "<group>";
		};
/* End PBXVariantGroup section */

/* Begin XCBuildConfiguration section */
		44C068EB299E5D9F0046C983 /* Debug */ = {
			isa = XCBuildConfiguration;
			buildSettings = {
				ALWAYS_SEARCH_USER_PATHS = NO;
				CLANG_ANALYZER_NONNULL = YES;
				CLANG_ANALYZER_NUMBER_OBJECT_CONVERSION = YES_AGGRESSIVE;
				CLANG_CXX_LANGUAGE_STANDARD = "gnu++20";
				CLANG_ENABLE_MODULES = YES;
				CLANG_ENABLE_OBJC_ARC = YES;
				CLANG_ENABLE_OBJC_WEAK = YES;
				CLANG_WARN_BLOCK_CAPTURE_AUTORELEASING = YES;
				CLANG_WARN_BOOL_CONVERSION = YES;
				CLANG_WARN_COMMA = YES;
				CLANG_WARN_CONSTANT_CONVERSION = YES;
				CLANG_WARN_DEPRECATED_OBJC_IMPLEMENTATIONS = YES;
				CLANG_WARN_DIRECT_OBJC_ISA_USAGE = YES_ERROR;
				CLANG_WARN_DOCUMENTATION_COMMENTS = YES;
				CLANG_WARN_EMPTY_BODY = YES;
				CLANG_WARN_ENUM_CONVERSION = YES;
				CLANG_WARN_INFINITE_RECURSION = YES;
				CLANG_WARN_INT_CONVERSION = YES;
				CLANG_WARN_NON_LITERAL_NULL_CONVERSION = YES;
				CLANG_WARN_OBJC_IMPLICIT_RETAIN_SELF = YES;
				CLANG_WARN_OBJC_LITERAL_CONVERSION = YES;
				CLANG_WARN_OBJC_ROOT_CLASS = YES_ERROR;
				CLANG_WARN_QUOTED_INCLUDE_IN_FRAMEWORK_HEADER = YES;
				CLANG_WARN_RANGE_LOOP_ANALYSIS = YES;
				CLANG_WARN_STRICT_PROTOTYPES = YES;
				CLANG_WARN_SUSPICIOUS_MOVE = YES;
				CLANG_WARN_UNGUARDED_AVAILABILITY = YES_AGGRESSIVE;
				CLANG_WARN_UNREACHABLE_CODE = YES;
				CLANG_WARN__DUPLICATE_METHOD_MATCH = YES;
				COPY_PHASE_STRIP = NO;
				DEBUG_INFORMATION_FORMAT = dwarf;
				ENABLE_STRICT_OBJC_MSGSEND = YES;
				ENABLE_TESTABILITY = YES;
				GCC_C_LANGUAGE_STANDARD = gnu11;
				GCC_DYNAMIC_NO_PIC = NO;
				GCC_NO_COMMON_BLOCKS = YES;
				GCC_OPTIMIZATION_LEVEL = 0;
				GCC_PREPROCESSOR_DEFINITIONS = (
					"DEBUG=1",
					"$(inherited)",
				);
				GCC_WARN_64_TO_32_BIT_CONVERSION = YES;
				GCC_WARN_ABOUT_RETURN_TYPE = YES_ERROR;
				GCC_WARN_UNDECLARED_SELECTOR = YES;
				GCC_WARN_UNINITIALIZED_AUTOS = YES_AGGRESSIVE;
				GCC_WARN_UNUSED_FUNCTION = YES;
				GCC_WARN_UNUSED_VARIABLE = YES;
				IPHONEOS_DEPLOYMENT_TARGET = 16.2;
				MTL_ENABLE_DEBUG_INFO = INCLUDE_SOURCE;
				MTL_FAST_MATH = YES;
				ONLY_ACTIVE_ARCH = YES;
				SDKROOT = iphoneos;
				SWIFT_ACTIVE_COMPILATION_CONDITIONS = DEBUG;
				SWIFT_OPTIMIZATION_LEVEL = "-Onone";
			};
			name = Debug;
		};
		44C068EC299E5D9F0046C983 /* Release */ = {
			isa = XCBuildConfiguration;
			buildSettings = {
				ALWAYS_SEARCH_USER_PATHS = NO;
				CLANG_ANALYZER_NONNULL = YES;
				CLANG_ANALYZER_NUMBER_OBJECT_CONVERSION = YES_AGGRESSIVE;
				CLANG_CXX_LANGUAGE_STANDARD = "gnu++20";
				CLANG_ENABLE_MODULES = YES;
				CLANG_ENABLE_OBJC_ARC = YES;
				CLANG_ENABLE_OBJC_WEAK = YES;
				CLANG_WARN_BLOCK_CAPTURE_AUTORELEASING = YES;
				CLANG_WARN_BOOL_CONVERSION = YES;
				CLANG_WARN_COMMA = YES;
				CLANG_WARN_CONSTANT_CONVERSION = YES;
				CLANG_WARN_DEPRECATED_OBJC_IMPLEMENTATIONS = YES;
				CLANG_WARN_DIRECT_OBJC_ISA_USAGE = YES_ERROR;
				CLANG_WARN_DOCUMENTATION_COMMENTS = YES;
				CLANG_WARN_EMPTY_BODY = YES;
				CLANG_WARN_ENUM_CONVERSION = YES;
				CLANG_WARN_INFINITE_RECURSION = YES;
				CLANG_WARN_INT_CONVERSION = YES;
				CLANG_WARN_NON_LITERAL_NULL_CONVERSION = YES;
				CLANG_WARN_OBJC_IMPLICIT_RETAIN_SELF = YES;
				CLANG_WARN_OBJC_LITERAL_CONVERSION = YES;
				CLANG_WARN_OBJC_ROOT_CLASS = YES_ERROR;
				CLANG_WARN_QUOTED_INCLUDE_IN_FRAMEWORK_HEADER = YES;
				CLANG_WARN_RANGE_LOOP_ANALYSIS = YES;
				CLANG_WARN_STRICT_PROTOTYPES = YES;
				CLANG_WARN_SUSPICIOUS_MOVE = YES;
				CLANG_WARN_UNGUARDED_AVAILABILITY = YES_AGGRESSIVE;
				CLANG_WARN_UNREACHABLE_CODE = YES;
				CLANG_WARN__DUPLICATE_METHOD_MATCH = YES;
				COPY_PHASE_STRIP = NO;
				DEBUG_INFORMATION_FORMAT = "dwarf-with-dsym";
				ENABLE_NS_ASSERTIONS = NO;
				ENABLE_STRICT_OBJC_MSGSEND = YES;
				GCC_C_LANGUAGE_STANDARD = gnu11;
				GCC_NO_COMMON_BLOCKS = YES;
				GCC_WARN_64_TO_32_BIT_CONVERSION = YES;
				GCC_WARN_ABOUT_RETURN_TYPE = YES_ERROR;
				GCC_WARN_UNDECLARED_SELECTOR = YES;
				GCC_WARN_UNINITIALIZED_AUTOS = YES_AGGRESSIVE;
				GCC_WARN_UNUSED_FUNCTION = YES;
				GCC_WARN_UNUSED_VARIABLE = YES;
				IPHONEOS_DEPLOYMENT_TARGET = 16.2;
				MTL_ENABLE_DEBUG_INFO = NO;
				MTL_FAST_MATH = YES;
				SDKROOT = iphoneos;
				SWIFT_COMPILATION_MODE = wholemodule;
				SWIFT_OPTIMIZATION_LEVEL = "-O";
				VALIDATE_PRODUCT = YES;
			};
			name = Release;
		};
		44C068EE299E5D9F0046C983 /* Debug */ = {
			isa = XCBuildConfiguration;
			buildSettings = {
				ASSETCATALOG_COMPILER_APPICON_NAME = AppIcon;
				ASSETCATALOG_COMPILER_GLOBAL_ACCENT_COLOR_NAME = AccentColor;
				CODE_SIGN_STYLE = Automatic;
				CURRENT_PROJECT_VERSION = 1;
				DEVELOPMENT_TEAM = 3PN53MQP93;
				GENERATE_INFOPLIST_FILE = YES;
				INFOPLIST_FILE = "Twitter Clone/Info.plist";
				INFOPLIST_KEY_UIApplicationSupportsIndirectInputEvents = YES;
				INFOPLIST_KEY_UILaunchStoryboardName = LaunchScreen;
				INFOPLIST_KEY_UISupportedInterfaceOrientations_iPad = "UIInterfaceOrientationPortrait UIInterfaceOrientationPortraitUpsideDown UIInterfaceOrientationLandscapeLeft UIInterfaceOrientationLandscapeRight";
				INFOPLIST_KEY_UISupportedInterfaceOrientations_iPhone = "UIInterfaceOrientationPortrait UIInterfaceOrientationLandscapeLeft UIInterfaceOrientationLandscapeRight";
				LD_RUNPATH_SEARCH_PATHS = (
					"$(inherited)",
					"@executable_path/Frameworks",
				);
				MARKETING_VERSION = 1.0;
				PRODUCT_BUNDLE_IDENTIFIER = "com.smakhtin.TwitterClone.Twitter-Clone";
				PRODUCT_NAME = "$(TARGET_NAME)";
				SWIFT_EMIT_LOC_STRINGS = YES;
				SWIFT_VERSION = 5.0;
				TARGETED_DEVICE_FAMILY = "1,2";
			};
			name = Debug;
		};
		44C068EF299E5D9F0046C983 /* Release */ = {
			isa = XCBuildConfiguration;
			buildSettings = {
				ASSETCATALOG_COMPILER_APPICON_NAME = AppIcon;
				ASSETCATALOG_COMPILER_GLOBAL_ACCENT_COLOR_NAME = AccentColor;
				CODE_SIGN_STYLE = Automatic;
				CURRENT_PROJECT_VERSION = 1;
				DEVELOPMENT_TEAM = 3PN53MQP93;
				GENERATE_INFOPLIST_FILE = YES;
				INFOPLIST_FILE = "Twitter Clone/Info.plist";
				INFOPLIST_KEY_UIApplicationSupportsIndirectInputEvents = YES;
				INFOPLIST_KEY_UILaunchStoryboardName = LaunchScreen;
				INFOPLIST_KEY_UISupportedInterfaceOrientations_iPad = "UIInterfaceOrientationPortrait UIInterfaceOrientationPortraitUpsideDown UIInterfaceOrientationLandscapeLeft UIInterfaceOrientationLandscapeRight";
				INFOPLIST_KEY_UISupportedInterfaceOrientations_iPhone = "UIInterfaceOrientationPortrait UIInterfaceOrientationLandscapeLeft UIInterfaceOrientationLandscapeRight";
				LD_RUNPATH_SEARCH_PATHS = (
					"$(inherited)",
					"@executable_path/Frameworks",
				);
				MARKETING_VERSION = 1.0;
				PRODUCT_BUNDLE_IDENTIFIER = "com.smakhtin.TwitterClone.Twitter-Clone";
				PRODUCT_NAME = "$(TARGET_NAME)";
				SWIFT_EMIT_LOC_STRINGS = YES;
				SWIFT_VERSION = 5.0;
				TARGETED_DEVICE_FAMILY = "1,2";
			};
			name = Release;
		};
/* End XCBuildConfiguration section */

/* Begin XCConfigurationList section */
		44C068D4299E5D9E0046C983 /* Build configuration list for PBXProject "Twitter Clone" */ = {
			isa = XCConfigurationList;
			buildConfigurations = (
				44C068EB299E5D9F0046C983 /* Debug */,
				44C068EC299E5D9F0046C983 /* Release */,
			);
			defaultConfigurationIsVisible = 0;
			defaultConfigurationName = Release;
		};
		44C068ED299E5D9F0046C983 /* Build configuration list for PBXNativeTarget "Twitter Clone" */ = {
			isa = XCConfigurationList;
			buildConfigurations = (
				44C068EE299E5D9F0046C983 /* Debug */,
				44C068EF299E5D9F0046C983 /* Release */,
			);
			defaultConfigurationIsVisible = 0;
			defaultConfigurationName = Release;
		};
/* End XCConfigurationList section */

/* Begin XCRemoteSwiftPackageReference section */
		4416DE7F29F8170600C2DCAD /* XCRemoteSwiftPackageReference "firebase-ios-sdk" */ = {
			isa = XCRemoteSwiftPackageReference;
			repositoryURL = "https://github.com/firebase/firebase-ios-sdk";
			requirement = {
				kind = upToNextMinorVersion;
				minimumVersion = 10.9.0;
			};
		};
/* End XCRemoteSwiftPackageReference section */

/* Begin XCSwiftPackageProductDependency section */
		4416DE8029F8170600C2DCAD /* FirebaseAuth */ = {
			isa = XCSwiftPackageProductDependency;
			package = 4416DE7F29F8170600C2DCAD /* XCRemoteSwiftPackageReference "firebase-ios-sdk" */;
			productName = FirebaseAuth;
		};
		4416DE8229F8170600C2DCAD /* FirebaseAuthCombine-Community */ = {
			isa = XCSwiftPackageProductDependency;
			package = 4416DE7F29F8170600C2DCAD /* XCRemoteSwiftPackageReference "firebase-ios-sdk" */;
			productName = "FirebaseAuthCombine-Community";
		};
		4416DE8429F8170600C2DCAD /* FirebaseDatabase */ = {
			isa = XCSwiftPackageProductDependency;
			package = 4416DE7F29F8170600C2DCAD /* XCRemoteSwiftPackageReference "firebase-ios-sdk" */;
			productName = FirebaseDatabase;
		};
		4416DE8629F8170600C2DCAD /* FirebaseDatabaseSwift */ = {
			isa = XCSwiftPackageProductDependency;
			package = 4416DE7F29F8170600C2DCAD /* XCRemoteSwiftPackageReference "firebase-ios-sdk" */;
			productName = FirebaseDatabaseSwift;
		};
		4416DE8829F8170600C2DCAD /* FirebaseFirestore */ = {
			isa = XCSwiftPackageProductDependency;
			package = 4416DE7F29F8170600C2DCAD /* XCRemoteSwiftPackageReference "firebase-ios-sdk" */;
			productName = FirebaseFirestore;
		};
		4416DE8A29F8170600C2DCAD /* FirebaseFirestoreCombine-Community */ = {
			isa = XCSwiftPackageProductDependency;
			package = 4416DE7F29F8170600C2DCAD /* XCRemoteSwiftPackageReference "firebase-ios-sdk" */;
			productName = "FirebaseFirestoreCombine-Community";
		};
		4416DE8C29F8170600C2DCAD /* FirebaseFirestoreSwift */ = {
			isa = XCSwiftPackageProductDependency;
			package = 4416DE7F29F8170600C2DCAD /* XCRemoteSwiftPackageReference "firebase-ios-sdk" */;
			productName = FirebaseFirestoreSwift;
		};
		4416DE8E29F8170600C2DCAD /* FirebaseStorage */ = {
			isa = XCSwiftPackageProductDependency;
			package = 4416DE7F29F8170600C2DCAD /* XCRemoteSwiftPackageReference "firebase-ios-sdk" */;
			productName = FirebaseStorage;
		};
		4416DE9029F8170600C2DCAD /* FirebaseStorageCombine-Community */ = {
			isa = XCSwiftPackageProductDependency;
			package = 4416DE7F29F8170600C2DCAD /* XCRemoteSwiftPackageReference "firebase-ios-sdk" */;
			productName = "FirebaseStorageCombine-Community";
		};
/* End XCSwiftPackageProductDependency section */
	};
	rootObject = 44C068D1299E5D9E0046C983 /* Project object */;
}
